dependencies:
  espressif/cmake_utilities:
    component_hash: 351350613ceafba240b761b4ea991e0f231ac7a9f59a9ee901f751bddc0bb18f
    dependencies:
    - name: idf
      require: private
      version: '>=4.1'
    source:
      registry_url: https://components.espressif.com
      type: service
    version: 0.5.3
  espressif/esp_csi_gain_ctrl:
    component_hash: bb7b9e28f47f4de968d4aaa2a083ea5764e5994dd0c5146146958060e6b66247
    dependencies:
    - name: espressif/cmake_utilities
      registry_url: https://components.espressif.com
      require: private
      version: 0.*
    - name: idf
      require: private
      version: '>=4.4.1'
    source:
      registry_url: https://components.espressif.com/
      type: service
    targets:
    - esp32
    - esp32s3
    - esp32s2
    - esp32c3
    - esp32c5
    - esp32c6
    - esp32c61
    version: 0.1.4~1
  idf:
    source:
      type: idf
    version: 5.5.2
direct_dependencies:
- espressif/esp_csi_gain_ctrl
- idf
manifest_hash: 91ff3c85f7ec544c6528195ff9233806aeacf53717d9cd117b4a67314882b282
target: esp32s3
version: 2.0.0
